
Microsoft Visual Studio Solution File, Format Version 12.00
# Visual Studio Version 17
VisualStudioVersion = 17.2.32516.85
MinimumVisualStudioVersion = 10.0.40219.1
Project("{9A19103F-16F7-4668-BE54-9A1E7A4F7556}") = "WebRailwayApp", "WebRailwayApp\WebRailwayApp.csproj", "{9F57766F-D2A2-4587-A4DB-BC85195F1416}"
EndProject
Global
	GlobalSection(SolutionConfigurationPlatforms) = preSolution
		Debug|Any CPU = Debug|Any CPU
		Release|Any CPU = Release|Any CPU
	EndGlobalSection
	GlobalSection(ProjectConfigurationPlatforms) = postSolution
		{9F57766F-D2A2-4587-A4DB-BC85195F1416}.Debug|Any CPU.ActiveCfg = Debug|Any CPU
		{9F57766F-D2A2-4587-A4DB-BC85195F1416}.Debug|Any CPU.Build.0 = Debug|Any CPU
		{9F57766F-D2A2-4587-A4DB-BC85195F1416}.Release|Any CPU.ActiveCfg = Release|Any CPU
		{9F57766F-D2A2-4587-A4DB-BC85195F1416}.Release|Any CPU.Build.0 = Release|Any CPU
	EndGlobalSection
	GlobalSection(SolutionProperties) = preSolution
		HideSolutionNode = FALSE
	EndGlobalSection
	GlobalSection(ExtensibilityGlobals) = postSolution
		SolutionGuid = {E8AD2DC1-AEE9-4DB2-AFB4-675814EBBB98}
	EndGlobalSection
EndGlobal
